lockfileVersion: 5.3

specifiers:
  dayjs: ^1.10.5
  rxjs: ^7.1.0
  tippy.js: ^6.3.1

dependencies:
  dayjs: 1.10.5
  rxjs: 7.1.0
  tippy.js: 6.3.1

packages:

  /@popperjs/core/2.9.2:
    resolution: {integrity: sha512-VZMYa7+fXHdwIq1TDhSXoVmSPEGM/aa+6Aiq3nVVJ9bXr24zScr+NlKFKC3iPljA7ho/GAZr+d2jOf5GIRC30Q==}
    dev: false

  /dayjs/1.10.5:
    resolution: {integrity: sha512-BUFis41ikLz+65iH6LHQCDm4YPMj5r1YFLdupPIyM4SGcXMmtiLQ7U37i+hGS8urIuqe7I/ou3IS1jVc4nbN4g==}
    dev: false

  /rxjs/7.1.0:
    resolution: {integrity: sha512-gCFO5iHIbRPwznl6hAYuwNFld8W4S2shtSJIqG27ReWXo9IWrCyEICxUA+6vJHwSR/OakoenC4QsDxq50tzYmw==}
    dependencies:
      tslib: 2.1.0
    dev: false

  /tippy.js/6.3.1:
    resolution: {integrity: sha512-JnFncCq+rF1dTURupoJ4yPie5Cof978inW6/4S6kmWV7LL9YOSEVMifED3KdrVPEG+Z/TFH2CDNJcQEfaeuQww==}
    dependencies:
      '@popperjs/core': 2.9.2
    dev: false

  /tslib/2.1.0:
    resolution: {integrity: sha512-hcVC3wYEziELGGmEEXue7D75zbwIIVUMWAVbHItGPx0ziyXxrOMQx4rQEVEV45Ut/1IotuEvwqPopzIOkDMf0A==}
    dev: false
